
Microsoft Visual Studio Solution File, Format Version 12.00
# Visual Studio Version 17
VisualStudioVersion = 17.1.32210.238
MinimumVisualStudioVersion = 10.0.40219.1
Project("{FAE04EC0-301F-11D3-BF4B-00C04F79EFBC}") = "XuMinghao1307SkySharkWebApplication", "XuMinghao1307SkySharkWebApplication\XuMinghao1307SkySharkWebApplication.csproj", "{B675035B-B11E-4CC6-9C11-59270EF7F736}"
EndProject
Global
	GlobalSection(SolutionConfigurationPlatforms) = preSolution
		Debug|Any CPU = Debug|Any CPU
		Release|Any CPU = Release|Any CPU
	EndGlobalSection
	GlobalSection(ProjectConfigurationPlatforms) = postSolution
		{B675035B-B11E-4CC6-9C11-59270EF7F736}.Debug|Any CPU.ActiveCfg = Debug|Any CPU
		{B675035B-B11E-4CC6-9C11-59270EF7F736}.Debug|Any CPU.Build.0 = Debug|Any CPU
		{B675035B-B11E-4CC6-9C11-59270EF7F736}.Release|Any CPU.ActiveCfg = Release|Any CPU
		{B675035B-B11E-4CC6-9C11-59270EF7F736}.Release|Any CPU.Build.0 = Release|Any CPU
	EndGlobalSection
	GlobalSection(SolutionProperties) = preSolution
		HideSolutionNode = FALSE
	EndGlobalSection
	GlobalSection(ExtensibilityGlobals) = postSolution
		SolutionGuid = {C39487B4-7014-4CE5-A1F0-10543C6305AB}
	EndGlobalSection
EndGlobal
